
Microsoft Visual Studio Solution File, Format Version 12.00
Project("{FAE04EC0-301F-11D3-BF4B-00C04F79EFBC}") = "ReData", "ReData.csproj", "{FB24E5F7-3F4C-41A3-846C-FE71223A87A0}"
EndProject
Global
	GlobalSection(SolutionConfigurationPlatforms) = preSolution
		Debug|Any CPU = Debug|Any CPU
		Release|Any CPU = Release|Any CPU
	EndGlobalSection
	GlobalSection(ProjectConfigurationPlatforms) = postSolution
		{FB24E5F7-3F4C-41A3-846C-FE71223A87A0}.Debug|Any CPU.ActiveCfg = Debug|Any CPU
		{FB24E5F7-3F4C-41A3-846C-FE71223A87A0}.Debug|Any CPU.Build.0 = Debug|Any CPU
		{FB24E5F7-3F4C-41A3-846C-FE71223A87A0}.Release|Any CPU.ActiveCfg = Release|Any CPU
		{FB24E5F7-3F4C-41A3-846C-FE71223A87A0}.Release|Any CPU.Build.0 = Release|Any CPU
	EndGlobalSection
EndGlobal
