
Microsoft Visual Studio Solution File, Format Version 12.00
Project("{FAE04EC0-301F-11D3-BF4B-00C04F79EFBC}") = "StartUp_Control", "StartUp_Control.csproj", "{43B64111-5714-404D-893B-547AB87B26DB}"
EndProject
Global
	GlobalSection(SolutionConfigurationPlatforms) = preSolution
		Debug|Any CPU = Debug|Any CPU
		Release|Any CPU = Release|Any CPU
	EndGlobalSection
	GlobalSection(ProjectConfigurationPlatforms) = postSolution
		{43B64111-5714-404D-893B-547AB87B26DB}.Debug|Any CPU.ActiveCfg = Debug|Any CPU
		{43B64111-5714-404D-893B-547AB87B26DB}.Debug|Any CPU.Build.0 = Debug|Any CPU
		{43B64111-5714-404D-893B-547AB87B26DB}.Release|Any CPU.ActiveCfg = Release|Any CPU
		{43B64111-5714-404D-893B-547AB87B26DB}.Release|Any CPU.Build.0 = Release|Any CPU
	EndGlobalSection
EndGlobal
